# git-cli-bridge integrity lock
# -----------------------------
# Pinned npm package integrity hashes for the bridge workflow npm install steps.
# Format: <pkg>@<version> <sha512-integrity>
# One line per package. Comments start with #.
#
# Bob cannot fetch real hashes from the public npm registry in this sandbox at
# skill-creation time, so these lines use PLACEHOLDER hashes. The user MUST
# replace them with real integrity values during first-boot Step 2 by running:
#
#   scripts/bump-bridge-deps.sh --copilot 1.0.21
#
# TODO(agy): verify equivalent — agy (Antigravity CLI) is NOT an npm package, so
# it has no `npm view ... dist.integrity` hash and no line in this lock file.
# The supply-chain pinning here covers only the npm-distributed copilot CLI.
# Establish a separate pin+verify mechanism for agy's actual distribution
# channel before relying on integrity verification for the agy path.
#
# which queries `npm view <pkg>@<ver> dist.integrity` locally and rewrites this
# file with actual sha512 hashes. Until that step runs, the integrity check in
# workflows/scripts/verify-integrity.sh will fail-closed with error_code:
# integrity_mismatch, and NO CLI will run.
#
# SEC-8 (pinned exact versions + integrity).

# TODO(agy): no @google/gemini-cli line — the Gemini CLI is retired; agy is not
# an npm package (see header). Only the copilot npm package is pinned below.
@github/copilot@1.0.21 sha512-PLACEHOLDER-REPLACE-DURING-FIRST-BOOT-BUMP
